
Microsoft Visual Studio Solution File, Format Version 12.00
# Visual Studio 15
VisualStudioVersion = 15.0.28307.539
MinimumVisualStudioVersion = 10.0.40219.1
Project("{FAE04EC0-301F-11D3-BF4B-00C04F79EFBC}") = "PizzaDelivery", "PizzaDelivery\PizzaDelivery.csproj", "{FD17CC07-6EAF-4F83-83BC-CD6B43FFE300}"
EndProject
Global
	GlobalSection(SolutionConfigurationPlatforms) = preSolution
		Debug|Any CPU = Debug|Any CPU
		Release|Any CPU = Release|Any CPU
	EndGlobalSection
	GlobalSection(ProjectConfigurationPlatforms) = postSolution
		{FD17CC07-6EAF-4F83-83BC-CD6B43FFE300}.Debug|Any CPU.ActiveCfg = Debug|Any CPU
		{FD17CC07-6EAF-4F83-83BC-CD6B43FFE300}.Debug|Any CPU.Build.0 = Debug|Any CPU
		{FD17CC07-6EAF-4F83-83BC-CD6B43FFE300}.Release|Any CPU.ActiveCfg = Release|Any CPU
		{FD17CC07-6EAF-4F83-83BC-CD6B43FFE300}.Release|Any CPU.Build.0 = Release|Any CPU
	EndGlobalSection
	GlobalSection(SolutionProperties) = preSolution
		HideSolutionNode = FALSE
	EndGlobalSection
	GlobalSection(ExtensibilityGlobals) = postSolution
		SolutionGuid = {153D3ED2-980F-4FF0-926B-802CC95A491E}
	EndGlobalSection
EndGlobal
